// !$*UTF8*$!
{
	archiveVersion = 1;
	classes = {
	};
	objectVersion = 50;
	objects = {

/* Begin PBXBuildFile section */
		947FA80321732869009ED7AF /* AppDelegate.swift in Sources */ = {isa = PBXBuildFile; fileRef = 947FA80221732869009ED7AF /* AppDelegate.swift */; };
		947FA80521732869009ED7AF /* ViewController.swift in Sources */ = {isa = PBXBuildFile; fileRef = 947FA80421732869009ED7AF /* ViewController.swift */; };
		947FA80821732869009ED7AF /* Main.storyboard in Resources */ = {isa = PBXBuildFile; fileRef = 947FA80621732869009ED7AF /* Main.storyboard */; };
		947FA80A2173286B009ED7AF /* Assets.xcassets in Resources */ = {isa = PBXBuildFile; fileRef = 947FA8092173286B009ED7AF /* Assets.xcassets */; };
		947FA80D2173286B009ED7AF /* LaunchScreen.storyboard in Resources */ = {isa = PBXBuildFile; fileRef = 947FA80B2173286B009ED7AF /* LaunchScreen.storyboard */; };
		947FA81521733482009ED7AF /* GoogleService-Info.plist in Resources */ = {isa = PBXBuildFile; fileRef = 947FA81421733482009ED7AF /* GoogleService-Info.plist */; };
		947FA81E21734579009ED7AF /* Category.swift in Sources */ = {isa = PBXBuildFile; fileRef = 947FA81D21734579009ED7AF /* Category.swift */; };
		947FA820217348E3009ED7AF /* FirebaseManager.swift in Sources */ = {isa = PBXBuildFile; fileRef = 947FA81F217348E3009ED7AF /* FirebaseManager.swift */; };
		94B1DC03217C8B800080F892 /* User.swift in Sources */ = {isa = PBXBuildFile; fileRef = 94B1DC02217C8B800080F892 /* User.swift */; };
		94B1DC05217C928E0080F892 /* Constants.swift in Sources */ = {isa = PBXBuildFile; fileRef = 94B1DC04217C928E0080F892 /* Constants.swift */; };
		94B1DC07217CABB50080F892 /* FirebaseManger+Observers.swift in Sources */ = {isa = PBXBuildFile; fileRef = 94B1DC06217CABB50080F892 /* FirebaseManger+Observers.swift */; };
		94B5232B2179B166004EF188 /* Utility.swift in Sources */ = {isa = PBXBuildFile; fileRef = 94B5232A2179B166004EF188 /* Utility.swift */; };
		E9138A1156BAB2FF6FBFDF0A /* Pods_DailySpend.framework in Frameworks */ = {isa = PBXBuildFile; fileRef = F8133194BA64BDD3419DDA62 /* Pods_DailySpend.framework */; };
/* End PBXBuildFile section */

/* Begin PBXFileReference section */
		947FA7FF21732869009ED7AF /* DailySpend.app */ = {isa = PBXFileReference; explicitFileType = wrapper.application; includeInIndex = 0; path = DailySpend.app; sourceTree = BUILT_PRODUCTS_DIR; };
		947FA80221732869009ED7AF /* AppDelegate.swift */ = {isa = PBXFileReference; lastKnownFileType = sourcecode.swift; path = AppDelegate.swift; sourceTree = "<group>"; };
		947FA80421732869009ED7AF /* ViewController.swift */ = {isa = PBXFileReference; lastKnownFileType = sourcecode.swift; path = ViewController.swift; sourceTree = "<group>"; };
		947FA80721732869009ED7AF /* Base */ = {isa = PBXFileReference; lastKnownFileType = file.storyboard; name = Base; path = Base.lproj/Main.storyboard; sourceTree = "<group>"; };
		947FA8092173286B009ED7AF /* Assets.xcassets */ = {isa = PBXFileReference; lastKnownFileType = folder.assetcatalog; path = Assets.xcassets; sourceTree = "<group>"; };
		947FA80C2173286B009ED7AF /* Base */ = {isa = PBXFileReference; lastKnownFileType = file.storyboard; name = Base; path = Base.lproj/LaunchScreen.storyboard; sourceTree = "<group>"; };
		947FA80E2173286B009ED7AF /* Info.plist */ = {isa = PBXFileReference; lastKnownFileType = text.plist.xml; path = Info.plist; sourceTree = "<group>"; };
		947FA81421733482009ED7AF /* GoogleService-Info.plist */ = {isa = PBXFileReference; fileEncoding = 4; lastKnownFileType = text.plist.xml; path = "GoogleService-Info.plist"; sourceTree = "<group>"; };
		947FA81D21734579009ED7AF /* Category.swift */ = {isa = PBXFileReference; lastKnownFileType = sourcecode.swift; path = Category.swift; sourceTree = "<group>"; };
		947FA81F217348E3009ED7AF /* FirebaseManager.swift */ = {isa = PBXFileReference; lastKnownFileType = sourcecode.swift; path = FirebaseManager.swift; sourceTree = "<group>"; };
		94B1DC02217C8B800080F892 /* User.swift */ = {isa = PBXFileReference; lastKnownFileType = sourcecode.swift; path = User.swift; sourceTree = "<group>"; };
		94B1DC04217C928E0080F892 /* Constants.swift */ = {isa = PBXFileReference; lastKnownFileType = sourcecode.swift; path = Constants.swift; sourceTree = "<group>"; };
		94B1DC06217CABB50080F892 /* FirebaseManger+Observers.swift */ = {isa = PBXFileReference; lastKnownFileType = sourcecode.swift; path = "FirebaseManger+Observers.swift"; sourceTree = "<group>"; };
		94B5232A2179B166004EF188 /* Utility.swift */ = {isa = PBXFileReference; lastKnownFileType = sourcecode.swift; path = Utility.swift; sourceTree = "<group>"; };
		E1C5F0E3F75D8637CF6EC32C /* Pods-DailySpend.debug.xcconfig */ = {isa = PBXFileReference; includeInIndex = 1; lastKnownFileType = text.xcconfig; name = "Pods-DailySpend.debug.xcconfig"; path = "Pods/Target Support Files/Pods-DailySpend/Pods-DailySpend.debug.xcconfig"; sourceTree = "<group>"; };
		F1006929D48B09F07D4F357B /* Pods-DailySpend.release.xcconfig */ = {isa = PBXFileReference; includeInIndex = 1; lastKnownFileType = text.xcconfig; name = "Pods-DailySpend.release.xcconfig"; path = "Pods/Target Support Files/Pods-DailySpend/Pods-DailySpend.release.xcconfig"; sourceTree = "<group>"; };
		F8133194BA64BDD3419DDA62 /* Pods_DailySpend.framework */ = {isa = PBXFileReference; explicitFileType = wrapper.framework; includeInIndex = 0; path = Pods_DailySpend.framework; sourceTree = BUILT_PRODUCTS_DIR; };
/* End PBXFileReference section */

/* Begin PBXFrameworksBuildPhase section */
		947FA7FC21732869009ED7AF /* Frameworks */ = {
			isa = PBXFrameworksBuildPhase;
			buildActionMask = 2147483647;
			files = (
				E9138A1156BAB2FF6FBFDF0A /* Pods_DailySpend.framework in Frameworks */,
			);
			runOnlyForDeploymentPostprocessing = 0;
		};
/* End PBXFrameworksBuildPhase section */

/* Begin PBXGroup section */
		0C5E926BA2C7AD0B549D2921 /* Pods */ = {
			isa = PBXGroup;
			children = (
				E1C5F0E3F75D8637CF6EC32C /* Pods-DailySpend.debug.xcconfig */,
				F1006929D48B09F07D4F357B /* Pods-DailySpend.release.xcconfig */,
			);
			name = Pods;
			sourceTree = "<group>";
		};
		2B07453CBA6B8A7FDE4FF975 /* Frameworks */ = {
			isa = PBXGroup;
			children = (
				F8133194BA64BDD3419DDA62 /* Pods_DailySpend.framework */,
			);
			name = Frameworks;
			sourceTree = "<group>";
		};
		947FA7F621732869009ED7AF = {
			isa = PBXGroup;
			children = (
				947FA80121732869009ED7AF /* DailySpend */,
				947FA80021732869009ED7AF /* Products */,
				0C5E926BA2C7AD0B549D2921 /* Pods */,
				2B07453CBA6B8A7FDE4FF975 /* Frameworks */,
			);
			sourceTree = "<group>";
		};
		947FA80021732869009ED7AF /* Products */ = {
			isa = PBXGroup;
			children = (
				947FA7FF21732869009ED7AF /* DailySpend.app */,
			);
			name = Products;
			sourceTree = "<group>";
		};
		947FA80121732869009ED7AF /* DailySpend */ = {
			isa = PBXGroup;
			children = (
				947FA81C217344FE009ED7AF /* Utility */,
				947FA81B217344F3009ED7AF /* Others */,
				947FA81A217344E6009ED7AF /* Resources */,
				947FA819217344D0009ED7AF /* Controller */,
				947FA818217344C8009ED7AF /* View */,
				947FA817217344BE009ED7AF /* Model */,
				947FA816217344A9009ED7AF /* Firebase */,
			);
			path = DailySpend;
			sourceTree = "<group>";
		};
		947FA816217344A9009ED7AF /* Firebase */ = {
			isa = PBXGroup;
			children = (
				947FA81421733482009ED7AF /* GoogleService-Info.plist */,
				947FA81F217348E3009ED7AF /* FirebaseManager.swift */,
				94B1DC06217CABB50080F892 /* FirebaseManger+Observers.swift */,
			);
			path = Firebase;
			sourceTree = "<group>";
		};
		947FA817217344BE009ED7AF /* Model */ = {
			isa = PBXGroup;
			children = (
				947FA81D21734579009ED7AF /* Category.swift */,
				94B1DC02217C8B800080F892 /* User.swift */,
			);
			path = Model;
			sourceTree = "<group>";
		};
		947FA818217344C8009ED7AF /* View */ = {
			isa = PBXGroup;
			children = (
			);
			path = View;
			sourceTree = "<group>";
		};
		947FA819217344D0009ED7AF /* Controller */ = {
			isa = PBXGroup;
			children = (
				947FA80421732869009ED7AF /* ViewController.swift */,
			);
			path = Controller;
			sourceTree = "<group>";
		};
		947FA81A217344E6009ED7AF /* Resources */ = {
			isa = PBXGroup;
			children = (
				947FA8092173286B009ED7AF /* Assets.xcassets */,
			);
			path = Resources;
			sourceTree = "<group>";
		};
		947FA81B217344F3009ED7AF /* Others */ = {
			isa = PBXGroup;
			children = (
				947FA80221732869009ED7AF /* AppDelegate.swift */,
				947FA80621732869009ED7AF /* Main.storyboard */,
				947FA80B2173286B009ED7AF /* LaunchScreen.storyboard */,
				947FA80E2173286B009ED7AF /* Info.plist */,
			);
			path = Others;
			sourceTree = "<group>";
		};
		947FA81C217344FE009ED7AF /* Utility */ = {
			isa = PBXGroup;
			children = (
				94B5232A2179B166004EF188 /* Utility.swift */,
				94B1DC04217C928E0080F892 /* Constants.swift */,
			);
			path = Utility;
			sourceTree = "<group>";
		};
/* End PBXGroup section */

/* Begin PBXNativeTarget section */
		947FA7FE21732869009ED7AF /* DailySpend */ = {
			isa = PBXNativeTarget;
			buildConfigurationList = 947FA8112173286B009ED7AF /* Build configuration list for PBXNativeTarget "DailySpend" */;
			buildPhases = (
				6B68B95A44657E6C80CC14FE /* [CP] Check Pods Manifest.lock */,
				947FA7FB21732869009ED7AF /* Sources */,
				947FA7FC21732869009ED7AF /* Frameworks */,
				947FA7FD21732869009ED7AF /* Resources */,
				397B15508F157EB031D0E816 /* [CP] Embed Pods Frameworks */,
			);
			buildRules = (
			);
			dependencies = (
			);
			name = DailySpend;
			productName = DailySpend;
			productReference = 947FA7FF21732869009ED7AF /* DailySpend.app */;
			productType = "com.apple.product-type.application";
		};
/* End PBXNativeTarget section */

/* Begin PBXProject section */
		947FA7F721732869009ED7AF /* Project object */ = {
			isa = PBXProject;
			attributes = {
				LastSwiftUpdateCheck = 1000;
				LastUpgradeCheck = 1000;
				ORGANIZATIONNAME = outect;
				TargetAttributes = {
					947FA7FE21732869009ED7AF = {
						CreatedOnToolsVersion = 10.0;
					};
				};
			};
			buildConfigurationList = 947FA7FA21732869009ED7AF /* Build configuration list for PBXProject "DailySpend" */;
			compatibilityVersion = "Xcode 9.3";
			developmentRegion = en;
			hasScannedForEncodings = 0;
			knownRegions = (
				en,
				Base,
			);
			mainGroup = 947FA7F621732869009ED7AF;
			productRefGroup = 947FA80021732869009ED7AF /* Products */;
			projectDirPath = "";
			projectRoot = "";
			targets = (
				947FA7FE21732869009ED7AF /* DailySpend */,
			);
		};
/* End PBXProject section */

/* Begin PBXResourcesBuildPhase section */
		947FA7FD21732869009ED7AF /* Resources */ = {
			isa = PBXResourcesBuildPhase;
			buildActionMask = 2147483647;
			files = (
				947FA80D2173286B009ED7AF /* LaunchScreen.storyboard in Resources */,
				947FA80A2173286B009ED7AF /* Assets.xcassets in Resources */,
				947FA80821732869009ED7AF /* Main.storyboard in Resources */,
				947FA81521733482009ED7AF /* GoogleService-Info.plist in Resources */,
			);
			runOnlyForDeploymentPostprocessing = 0;
		};
/* End PBXResourcesBuildPhase section */

/* Begin PBXShellScriptBuildPhase section */
		397B15508F157EB031D0E816 /* [CP] Embed Pods Frameworks */ = {
			isa = PBXShellScriptBuildPhase;
			buildActionMask = 2147483647;
			files = (
			);
			inputPaths = (
				"${SRCROOT}/Pods/Target Support Files/Pods-DailySpend/Pods-DailySpend-frameworks.sh",
				"${BUILT_PRODUCTS_DIR}/GoogleUtilities/GoogleUtilities.framework",
				"${BUILT_PRODUCTS_DIR}/leveldb-library/leveldb.framework",
				"${BUILT_PRODUCTS_DIR}/nanopb/nanopb.framework",
			);
			name = "[CP] Embed Pods Frameworks";
			outputPaths = (
				"${TARGET_BUILD_DIR}/${FRAMEWORKS_FOLDER_PATH}/GoogleUtilities.framework",
				"${TARGET_BUILD_DIR}/${FRAMEWORKS_FOLDER_PATH}/leveldb.framework",
				"${TARGET_BUILD_DIR}/${FRAMEWORKS_FOLDER_PATH}/nanopb.framework",
			);
			runOnlyForDeploymentPostprocessing = 0;
			shellPath = /bin/sh;
			shellScript = "\"${SRCROOT}/Pods/Target Support Files/Pods-DailySpend/Pods-DailySpend-frameworks.sh\"\n";
			showEnvVarsInLog = 0;
		};
		6B68B95A44657E6C80CC14FE /* [CP] Check Pods Manifest.lock */ = {
			isa = PBXShellScriptBuildPhase;
			buildActionMask = 2147483647;
			files = (
			);
			inputPaths = (
				"${PODS_PODFILE_DIR_PATH}/Podfile.lock",
				"${PODS_ROOT}/Manifest.lock",
			);
			name = "[CP] Check Pods Manifest.lock";
			outputPaths = (
				"$(DERIVED_FILE_DIR)/Pods-DailySpend-checkManifestLockResult.txt",
			);
			runOnlyForDeploymentPostprocessing = 0;
			shellPath = /bin/sh;
			shellScript = "diff \"${PODS_PODFILE_DIR_PATH}/Podfile.lock\" \"${PODS_ROOT}/Manifest.lock\" > /dev/null\nif [ $? != 0 ] ; then\n    # print error to STDERR\n    echo \"error: The sandbox is not in sync with the Podfile.lock. Run 'pod install' or update your CocoaPods installation.\" >&2\n    exit 1\nfi\n# This output is used by Xcode 'outputs' to avoid re-running this script phase.\necho \"SUCCESS\" > \"${SCRIPT_OUTPUT_FILE_0}\"\n";
			showEnvVarsInLog = 0;
		};
/* End PBXShellScriptBuildPhase section */

/* Begin PBXSourcesBuildPhase section */
		947FA7FB21732869009ED7AF /* Sources */ = {
			isa = PBXSourcesBuildPhase;
			buildActionMask = 2147483647;
			files = (
				94B5232B2179B166004EF188 /* Utility.swift in Sources */,
				947FA820217348E3009ED7AF /* FirebaseManager.swift in Sources */,
				94B1DC07217CABB50080F892 /* FirebaseManger+Observers.swift in Sources */,
				94B1DC03217C8B800080F892 /* User.swift in Sources */,
				947FA80521732869009ED7AF /* ViewController.swift in Sources */,
				94B1DC05217C928E0080F892 /* Constants.swift in Sources */,
				947FA81E21734579009ED7AF /* Category.swift in Sources */,
				947FA80321732869009ED7AF /* AppDelegate.swift in Sources */,
			);
			runOnlyForDeploymentPostprocessing = 0;
		};
/* End PBXSourcesBuildPhase section */

/* Begin PBXVariantGroup section */
		947FA80621732869009ED7AF /* Main.storyboard */ = {
			isa = PBXVariantGroup;
			children = (
				947FA80721732869009ED7AF /* Base */,
			);
			name = Main.storyboard;
			sourceTree = "<group>";
		};
		947FA80B2173286B009ED7AF /* LaunchScreen.storyboard */ = {
			isa = PBXVariantGroup;
			children = (
				947FA80C2173286B009ED7AF /* Base */,
			);
			name = LaunchScreen.storyboard;
			sourceTree = "<group>";
		};
/* End PBXVariantGroup section */

/* Begin XCBuildConfiguration section */
		947FA80F2173286B009ED7AF /* Debug */ = {
			isa = XCBuildConfiguration;
			buildSettings = {
				ALWAYS_SEARCH_USER_PATHS = NO;
				CLANG_ANALYZER_NONNULL = YES;
				CLANG_ANALYZER_NUMBER_OBJECT_CONVERSION = YES_AGGRESSIVE;
				CLANG_CXX_LANGUAGE_STANDARD = "gnu++14";
				CLANG_CXX_LIBRARY = "libc++";
				CLANG_ENABLE_MODULES = YES;
				CLANG_ENABLE_OBJC_ARC = YES;
				CLANG_ENABLE_OBJC_WEAK = YES;
				CLANG_WARN_BLOCK_CAPTURE_AUTORELEASING = YES;
				CLANG_WARN_BOOL_CONVERSION = YES;
				CLANG_WARN_COMMA = YES;
				CLANG_WARN_CONSTANT_CONVERSION = YES;
				CLANG_WARN_DEPRECATED_OBJC_IMPLEMENTATIONS = YES;
				CLANG_WARN_DIRECT_OBJC_ISA_USAGE = YES_ERROR;
				CLANG_WARN_DOCUMENTATION_COMMENTS = YES;
				CLANG_WARN_EMPTY_BODY = YES;
				CLANG_WARN_ENUM_CONVERSION = YES;
				CLANG_WARN_INFINITE_RECURSION = YES;
				CLANG_WARN_INT_CONVERSION = YES;
				CLANG_WARN_NON_LITERAL_NULL_CONVERSION = YES;
				CLANG_WARN_OBJC_IMPLICIT_RETAIN_SELF = YES;
				CLANG_WARN_OBJC_LITERAL_CONVERSION = YES;
				CLANG_WARN_OBJC_ROOT_CLASS = YES_ERROR;
				CLANG_WARN_RANGE_LOOP_ANALYSIS = YES;
				CLANG_WARN_STRICT_PROTOTYPES = YES;
				CLANG_WARN_SUSPICIOUS_MOVE = YES;
				CLANG_WARN_UNGUARDED_AVAILABILITY = YES_AGGRESSIVE;
				CLANG_WARN_UNREACHABLE_CODE = YES;
				CLANG_WARN__DUPLICATE_METHOD_MATCH = YES;
				CODE_SIGN_IDENTITY = "iPhone Developer";
				COPY_PHASE_STRIP = NO;
				DEBUG_INFORMATION_FORMAT = dwarf;
				ENABLE_STRICT_OBJC_MSGSEND = YES;
				ENABLE_TESTABILITY = YES;
				GCC_C_LANGUAGE_STANDARD = gnu11;
				GCC_DYNAMIC_NO_PIC = NO;
				GCC_NO_COMMON_BLOCKS = YES;
				GCC_OPTIMIZATION_LEVEL = 0;
				GCC_PREPROCESSOR_DEFINITIONS = (
					"DEBUG=1",
					"$(inherited)",
				);
				GCC_WARN_64_TO_32_BIT_CONVERSION = YES;
				GCC_WARN_ABOUT_RETURN_TYPE = YES_ERROR;
				GCC_WARN_UNDECLARED_SELECTOR = YES;
				GCC_WARN_UNINITIALIZED_AUTOS = YES_AGGRESSIVE;
				GCC_WARN_UNUSED_FUNCTION = YES;
				GCC_WARN_UNUSED_VARIABLE = YES;
				IPHONEOS_DEPLOYMENT_TARGET = 12.0;
				MTL_ENABLE_DEBUG_INFO = INCLUDE_SOURCE;
				MTL_FAST_MATH = YES;
				ONLY_ACTIVE_ARCH = YES;
				SDKROOT = iphoneos;
				SWIFT_ACTIVE_COMPILATION_CONDITIONS = DEBUG;
				SWIFT_OPTIMIZATION_LEVEL = "-Onone";
			};
			name = Debug;
		};
		947FA8102173286B009ED7AF /* Release */ = {
			isa = XCBuildConfiguration;
			buildSettings = {
				ALWAYS_SEARCH_USER_PATHS = NO;
				CLANG_ANALYZER_NONNULL = YES;
				CLANG_ANALYZER_NUMBER_OBJECT_CONVERSION = YES_AGGRESSIVE;
				CLANG_CXX_LANGUAGE_STANDARD = "gnu++14";
				CLANG_CXX_LIBRARY = "libc++";
				CLANG_ENABLE_MODULES = YES;
				CLANG_ENABLE_OBJC_ARC = YES;
				CLANG_ENABLE_OBJC_WEAK = YES;
				CLANG_WARN_BLOCK_CAPTURE_AUTORELEASING = YES;
				CLANG_WARN_BOOL_CONVERSION = YES;
				CLANG_WARN_COMMA = YES;
				CLANG_WARN_CONSTANT_CONVERSION = YES;
				CLANG_WARN_DEPRECATED_OBJC_IMPLEMENTATIONS = YES;
				CLANG_WARN_DIRECT_OBJC_ISA_USAGE = YES_ERROR;
				CLANG_WARN_DOCUMENTATION_COMMENTS = YES;
				CLANG_WARN_EMPTY_BODY = YES;
				CLANG_WARN_ENUM_CONVERSION = YES;
				CLANG_WARN_INFINITE_RECURSION = YES;
				CLANG_WARN_INT_CONVERSION = YES;
				CLANG_WARN_NON_LITERAL_NULL_CONVERSION = YES;
				CLANG_WARN_OBJC_IMPLICIT_RETAIN_SELF = YES;
				CLANG_WARN_OBJC_LITERAL_CONVERSION = YES;
				CLANG_WARN_OBJC_ROOT_CLASS = YES_ERROR;
				CLANG_WARN_RANGE_LOOP_ANALYSIS = YES;
				CLANG_WARN_STRICT_PROTOTYPES = YES;
				CLANG_WARN_SUSPICIOUS_MOVE = YES;
				CLANG_WARN_UNGUARDED_AVAILABILITY = YES_AGGRESSIVE;
				CLANG_WARN_UNREACHABLE_CODE = YES;
				CLANG_WARN__DUPLICATE_METHOD_MATCH = YES;
				CODE_SIGN_IDENTITY = "iPhone Developer";
				COPY_PHASE_STRIP = NO;
				DEBUG_INFORMATION_FORMAT = "dwarf-with-dsym";
				ENABLE_NS_ASSERTIONS = NO;
				ENABLE_STRICT_OBJC_MSGSEND = YES;
				GCC_C_LANGUAGE_STANDARD = gnu11;
				GCC_NO_COMMON_BLOCKS = YES;
				GCC_WARN_64_TO_32_BIT_CONVERSION = YES;
				GCC_WARN_ABOUT_RETURN_TYPE = YES_ERROR;
				GCC_WARN_UNDECLARED_SELECTOR = YES;
				GCC_WARN_UNINITIALIZED_AUTOS = YES_AGGRESSIVE;
				GCC_WARN_UNUSED_FUNCTION = YES;
				GCC_WARN_UNUSED_VARIABLE = YES;
				IPHONEOS_DEPLOYMENT_TARGET = 12.0;
				MTL_ENABLE_DEBUG_INFO = NO;
				MTL_FAST_MATH = YES;
				SDKROOT = iphoneos;
				SWIFT_COMPILATION_MODE = wholemodule;
				SWIFT_OPTIMIZATION_LEVEL = "-O";
				VALIDATE_PRODUCT = YES;
			};
			name = Release;
		};
		947FA8122173286B009ED7AF /* Debug */ = {
			isa = XCBuildConfiguration;
			baseConfigurationReference = E1C5F0E3F75D8637CF6EC32C /* Pods-DailySpend.debug.xcconfig */;
			buildSettings = {
				ASSETCATALOG_COMPILER_APPICON_NAME = AppIcon;
				CODE_SIGN_STYLE = Automatic;
				INFOPLIST_FILE = "$(SRCROOT)/DailySpend/Others/Info.plist";
				LD_RUNPATH_SEARCH_PATHS = (
					"$(inherited)",
					"@executable_path/Frameworks",
				);
				PRODUCT_BUNDLE_IDENTIFIER = com.outect.dailyspend;
				PRODUCT_NAME = "$(TARGET_NAME)";
				SWIFT_VERSION = 4.2;
				TARGETED_DEVICE_FAMILY = "1,2";
			};
			name = Debug;
		};
		947FA8132173286B009ED7AF /* Release */ = {
			isa = XCBuildConfiguration;
			baseConfigurationReference = F1006929D48B09F07D4F357B /* Pods-DailySpend.release.xcconfig */;
			buildSettings = {
				ASSETCATALOG_COMPILER_APPICON_NAME = AppIcon;
				CODE_SIGN_STYLE = Automatic;
				INFOPLIST_FILE = "$(SRCROOT)/DailySpend/Others/Info.plist";
				LD_RUNPATH_SEARCH_PATHS = (
					"$(inherited)",
					"@executable_path/Frameworks",
				);
				PRODUCT_BUNDLE_IDENTIFIER = com.outect.dailyspend;
				PRODUCT_NAME = "$(TARGET_NAME)";
				SWIFT_VERSION = 4.2;
				TARGETED_DEVICE_FAMILY = "1,2";
			};
			name = Release;
		};
/* End XCBuildConfiguration section */

/* Begin XCConfigurationList section */
		947FA7FA21732869009ED7AF /* Build configuration list for PBXProject "DailySpend" */ = {
			isa = XCConfigurationList;
			buildConfigurations = (
				947FA80F2173286B009ED7AF /* Debug */,
				947FA8102173286B009ED7AF /* Release */,
			);
			defaultConfigurationIsVisible = 0;
			defaultConfigurationName = Release;
		};
		947FA8112173286B009ED7AF /* Build configuration list for PBXNativeTarget "DailySpend" */ = {
			isa = XCConfigurationList;
			buildConfigurations = (
				947FA8122173286B009ED7AF /* Debug */,
				947FA8132173286B009ED7AF /* Release */,
			);
			defaultConfigurationIsVisible = 0;
			defaultConfigurationName = Release;
		};
/* End XCConfigurationList section */
	};
	rootObject = 947FA7F721732869009ED7AF /* Project object */;
}
